
Microsoft Visual Studio Solution File, Format Version 12.00
# Visual Studio 14
VisualStudioVersion = 14.0.25123.0
MinimumVisualStudioVersion = 10.0.40219.1
Project("{2150E333-8FDC-42A3-9474-1A3956D46DE8}") = "BusinessLogicLayer", "BusinessLogicLayer", "{DE44517E-2D89-4721-9662-ECA81F0306BE}"
EndProject
Project("{2150E333-8FDC-42A3-9474-1A3956D46DE8}") = "ApplicationLayer", "ApplicationLayer", "{ABDCC140-C671-4CE8-822F-53F34F6E587F}"
EndProject
Project("{2150E333-8FDC-42A3-9474-1A3956D46DE8}") = "ModelLayer", "ModelLayer", "{EC826940-92EA-4C36-B244-D5FDE22EB615}"
EndProject
Project("{2150E333-8FDC-42A3-9474-1A3956D46DE8}") = "DataAcessLayer", "DataAcessLayer", "{07DB4500-2F8E-4CBE-B91C-890F0FCD1C1B}"
EndProject
Project("{2150E333-8FDC-42A3-9474-1A3956D46DE8}") = "Client", "Client", "{47D40FFA-92AF-46E0-8D80-21ED80E815CE}"
EndProject
Project("{2150E333-8FDC-42A3-9474-1A3956D46DE8}") = "MVC", "MVC", "{2FBC29D8-19A6-44B1-8AF4-5A80F8925615}"
EndProject
Project("{2150E333-8FDC-42A3-9474-1A3956D46DE8}") = "TestLayer", "TestLayer", "{06B947B0-39CE-42F6-A3BE-9D2E227F9256}"
EndProject
Project("{FAE04EC0-301F-11D3-BF4B-00C04F79EFBC}") = "BetBudTest", "BetBudTest\BetBudTest.csproj", "{288A1A2F-0889-437C-8E1B-DE76869AEC2B}"
EndProject
Project("{FAE04EC0-301F-11D3-BF4B-00C04F79EFBC}") = "MVCBetBud", "MVCBetBud\MVCBetBud.csproj", "{8C8F57F1-DC70-45F5-B112-15F9D7E572B0}"
EndProject
Project("{2150E333-8FDC-42A3-9474-1A3956D46DE8}") = "WCFLayer", "WCFLayer", "{5CBEC94D-DD3D-4926-BDA9-43305E5F3F8F}"
EndProject
Project("{FAE04EC0-301F-11D3-BF4B-00C04F79EFBC}") = "WCFBetBuddy", "WCFBetBuddy\WCFBetBuddy.csproj", "{C07858DA-FE63-4F99-9394-DE56639A1805}"
EndProject
Project("{FAE04EC0-301F-11D3-BF4B-00C04F79EFBC}") = "ModelLibrary", "ModelLibrary\ModelLibrary.csproj", "{D2D802F9-8D2F-4C6B-ACB1-B7B697C87E1A}"
EndProject
Project("{FAE04EC0-301F-11D3-BF4B-00C04F79EFBC}") = "DALBetBud", "DALBetBud\DALBetBud.csproj", "{D51922F1-6CF7-4080-8E0D-DCBC4234EFAC}"
EndProject
Project("{2150E333-8FDC-42A3-9474-1A3956D46DE8}") = "ControllerLayer", "ControllerLayer", "{197BA515-49FE-4FBB-BA14-5801AA0910FC}"
EndProject
Project("{FAE04EC0-301F-11D3-BF4B-00C04F79EFBC}") = "CtrLayer", "CtrLayer\CtrLayer.csproj", "{511F0B77-84CF-4808-924D-16AEE709402C}"
EndProject
Project("{2150E333-8FDC-42A3-9474-1A3956D46DE8}") = "socket", "socket", "{39680723-A8B6-40A7-AC38-559106ED1DCA}"
EndProject
Project("{9092AA53-FB77-4645-B42D-1CCCA6BD08BD}") = "NodejsConsoleApp1", "NodejsConsoleApp1\NodejsConsoleApp1.njsproj", "{00E7D586-9DCB-4DCA-8A44-A8B541DA1BFD}"
EndProject
Project("{FAE04EC0-301F-11D3-BF4B-00C04F79EFBC}") = "WindowsFormsApplication1", "WindowsFormsApplication1\WindowsFormsApplication1.csproj", "{BF22D4CC-ADB8-49A2-B0C0-94CFCA6453AE}"
EndProject
Global
	GlobalSection(SolutionConfigurationPlatforms) = preSolution
		Debug|Any CPU = Debug|Any CPU
		Release|Any CPU = Release|Any CPU
	EndGlobalSection
	GlobalSection(ProjectConfigurationPlatforms) = postSolution
		{288A1A2F-0889-437C-8E1B-DE76869AEC2B}.Debug|Any CPU.ActiveCfg = Debug|Any CPU
		{288A1A2F-0889-437C-8E1B-DE76869AEC2B}.Debug|Any CPU.Build.0 = Debug|Any CPU
		{288A1A2F-0889-437C-8E1B-DE76869AEC2B}.Release|Any CPU.ActiveCfg = Release|Any CPU
		{288A1A2F-0889-437C-8E1B-DE76869AEC2B}.Release|Any CPU.Build.0 = Release|Any CPU
		{8C8F57F1-DC70-45F5-B112-15F9D7E572B0}.Debug|Any CPU.ActiveCfg = Debug|Any CPU
		{8C8F57F1-DC70-45F5-B112-15F9D7E572B0}.Debug|Any CPU.Build.0 = Debug|Any CPU
		{8C8F57F1-DC70-45F5-B112-15F9D7E572B0}.Release|Any CPU.ActiveCfg = Release|Any CPU
		{8C8F57F1-DC70-45F5-B112-15F9D7E572B0}.Release|Any CPU.Build.0 = Release|Any CPU
		{C07858DA-FE63-4F99-9394-DE56639A1805}.Debug|Any CPU.ActiveCfg = Debug|Any CPU
		{C07858DA-FE63-4F99-9394-DE56639A1805}.Debug|Any CPU.Build.0 = Debug|Any CPU
		{C07858DA-FE63-4F99-9394-DE56639A1805}.Release|Any CPU.ActiveCfg = Release|Any CPU
		{C07858DA-FE63-4F99-9394-DE56639A1805}.Release|Any CPU.Build.0 = Release|Any CPU
		{D2D802F9-8D2F-4C6B-ACB1-B7B697C87E1A}.Debug|Any CPU.ActiveCfg = Debug|Any CPU
		{D2D802F9-8D2F-4C6B-ACB1-B7B697C87E1A}.Debug|Any CPU.Build.0 = Debug|Any CPU
		{D2D802F9-8D2F-4C6B-ACB1-B7B697C87E1A}.Release|Any CPU.ActiveCfg = Release|Any CPU
		{D2D802F9-8D2F-4C6B-ACB1-B7B697C87E1A}.Release|Any CPU.Build.0 = Release|Any CPU
		{D51922F1-6CF7-4080-8E0D-DCBC4234EFAC}.Debug|Any CPU.ActiveCfg = Debug|Any CPU
		{D51922F1-6CF7-4080-8E0D-DCBC4234EFAC}.Debug|Any CPU.Build.0 = Debug|Any CPU
		{D51922F1-6CF7-4080-8E0D-DCBC4234EFAC}.Release|Any CPU.ActiveCfg = Release|Any CPU
		{D51922F1-6CF7-4080-8E0D-DCBC4234EFAC}.Release|Any CPU.Build.0 = Release|Any CPU
		{511F0B77-84CF-4808-924D-16AEE709402C}.Debug|Any CPU.ActiveCfg = Debug|Any CPU
		{511F0B77-84CF-4808-924D-16AEE709402C}.Debug|Any CPU.Build.0 = Debug|Any CPU
		{511F0B77-84CF-4808-924D-16AEE709402C}.Release|Any CPU.ActiveCfg = Release|Any CPU
		{511F0B77-84CF-4808-924D-16AEE709402C}.Release|Any CPU.Build.0 = Release|Any CPU
		{00E7D586-9DCB-4DCA-8A44-A8B541DA1BFD}.Debug|Any CPU.ActiveCfg = Debug|Any CPU
		{00E7D586-9DCB-4DCA-8A44-A8B541DA1BFD}.Debug|Any CPU.Build.0 = Debug|Any CPU
		{00E7D586-9DCB-4DCA-8A44-A8B541DA1BFD}.Release|Any CPU.ActiveCfg = Release|Any CPU
		{00E7D586-9DCB-4DCA-8A44-A8B541DA1BFD}.Release|Any CPU.Build.0 = Release|Any CPU
		{BF22D4CC-ADB8-49A2-B0C0-94CFCA6453AE}.Debug|Any CPU.ActiveCfg = Debug|Any CPU
		{BF22D4CC-ADB8-49A2-B0C0-94CFCA6453AE}.Debug|Any CPU.Build.0 = Debug|Any CPU
		{BF22D4CC-ADB8-49A2-B0C0-94CFCA6453AE}.Release|Any CPU.ActiveCfg = Release|Any CPU
		{BF22D4CC-ADB8-49A2-B0C0-94CFCA6453AE}.Release|Any CPU.Build.0 = Release|Any CPU
	EndGlobalSection
	GlobalSection(SolutionProperties) = preSolution
		HideSolutionNode = FALSE
	EndGlobalSection
	GlobalSection(NestedProjects) = preSolution
		{ABDCC140-C671-4CE8-822F-53F34F6E587F} = {DE44517E-2D89-4721-9662-ECA81F0306BE}
		{EC826940-92EA-4C36-B244-D5FDE22EB615} = {ABDCC140-C671-4CE8-822F-53F34F6E587F}
		{07DB4500-2F8E-4CBE-B91C-890F0FCD1C1B} = {DE44517E-2D89-4721-9662-ECA81F0306BE}
		{2FBC29D8-19A6-44B1-8AF4-5A80F8925615} = {47D40FFA-92AF-46E0-8D80-21ED80E815CE}
		{288A1A2F-0889-437C-8E1B-DE76869AEC2B} = {06B947B0-39CE-42F6-A3BE-9D2E227F9256}
		{8C8F57F1-DC70-45F5-B112-15F9D7E572B0} = {2FBC29D8-19A6-44B1-8AF4-5A80F8925615}
		{5CBEC94D-DD3D-4926-BDA9-43305E5F3F8F} = {DE44517E-2D89-4721-9662-ECA81F0306BE}
		{C07858DA-FE63-4F99-9394-DE56639A1805} = {5CBEC94D-DD3D-4926-BDA9-43305E5F3F8F}
		{D2D802F9-8D2F-4C6B-ACB1-B7B697C87E1A} = {EC826940-92EA-4C36-B244-D5FDE22EB615}
		{D51922F1-6CF7-4080-8E0D-DCBC4234EFAC} = {07DB4500-2F8E-4CBE-B91C-890F0FCD1C1B}
		{197BA515-49FE-4FBB-BA14-5801AA0910FC} = {ABDCC140-C671-4CE8-822F-53F34F6E587F}
		{511F0B77-84CF-4808-924D-16AEE709402C} = {197BA515-49FE-4FBB-BA14-5801AA0910FC}
		{00E7D586-9DCB-4DCA-8A44-A8B541DA1BFD} = {39680723-A8B6-40A7-AC38-559106ED1DCA}
		{BF22D4CC-ADB8-49A2-B0C0-94CFCA6453AE} = {2FBC29D8-19A6-44B1-8AF4-5A80F8925615}
	EndGlobalSection
EndGlobal
